
Microsoft Visual Studio Solution File, Format Version 12.00
# Visual Studio Version 17
VisualStudioVersion = 17.0.31903.59
MinimumVisualStudioVersion = 10.0.40219.1
Project("{FAE04EC0-301F-11D3-BF4B-00C04F79EFBC}") = "Tolap.Core", "src\Tolap.Core\Tolap.Core.csproj", "{A1B2C3D4-1111-2222-3333-444455556666}"
EndProject
Project("{FAE04EC0-301F-11D3-BF4B-00C04F79EFBC}") = "Tolap.Store", "src\Tolap.Store\Tolap.Store.csproj", "{A1B2C3D4-1111-2222-3333-444455557777}"
EndProject
Project("{FAE04EC0-301F-11D3-BF4B-00C04F79EFBC}") = "Tolap.Mcp", "src\Tolap.Mcp\Tolap.Mcp.csproj", "{A1B2C3D4-1111-2222-3333-444455558888}"
EndProject
Project("{FAE04EC0-301F-11D3-BF4B-00C04F79EFBC}") = "Tolap.Core.Tests", "tests\Tolap.Core.Tests\Tolap.Core.Tests.csproj", "{A1B2C3D4-1111-2222-3333-444455559999}"
EndProject
Project("{FAE04EC0-301F-11D3-BF4B-00C04F79EFBC}") = "Tolap.Store.Tests", "tests\Tolap.Store.Tests\Tolap.Store.Tests.csproj", "{A1B2C3D4-1111-2222-3333-44445555AAAA}"
EndProject
Project("{FAE04EC0-301F-11D3-BF4B-00C04F79EFBC}") = "Tolap.Mcp.Tests", "tests\Tolap.Mcp.Tests\Tolap.Mcp.Tests.csproj", "{A1B2C3D4-1111-2222-3333-44445555BBBB}"
EndProject
Project("{2150E333-8FDC-42A3-9474-1A3956D46DE8}") = "tests", "tests", "{0AB3BF05-4346-4AA6-1389-037BE0695223}"
EndProject
Project("{FAE04EC0-301F-11D3-BF4B-00C04F79EFBC}") = "Tolap.Integration.Tests", "tests\Tolap.Integration.Tests\Tolap.Integration.Tests.csproj", "{CDA60468-2770-405C-8F64-FDFE3EAF8128}"
EndProject
Project("{2150E333-8FDC-42A3-9474-1A3956D46DE8}") = "src", "src", "{827E0CD3-B72D-47B6-A68D-7590B98EB39B}"
EndProject
Global
	GlobalSection(SolutionConfigurationPlatforms) = preSolution
		Debug|Any CPU = Debug|Any CPU
		Debug|x64 = Debug|x64
		Debug|x86 = Debug|x86
		Release|Any CPU = Release|Any CPU
		Release|x64 = Release|x64
		Release|x86 = Release|x86
	EndGlobalSection
	GlobalSection(ProjectConfigurationPlatforms) = postSolution
		{A1B2C3D4-1111-2222-3333-444455556666}.Debug|Any CPU.ActiveCfg = Debug|Any CPU
		{A1B2C3D4-1111-2222-3333-444455556666}.Debug|Any CPU.Build.0 = Debug|Any CPU
		{A1B2C3D4-1111-2222-3333-444455556666}.Debug|x64.ActiveCfg = Debug|Any CPU
		{A1B2C3D4-1111-2222-3333-444455556666}.Debug|x64.Build.0 = Debug|Any CPU
		{A1B2C3D4-1111-2222-3333-444455556666}.Debug|x86.ActiveCfg = Debug|Any CPU
		{A1B2C3D4-1111-2222-3333-444455556666}.Debug|x86.Build.0 = Debug|Any CPU
		{A1B2C3D4-1111-2222-3333-444455556666}.Release|Any CPU.ActiveCfg = Release|Any CPU
		{A1B2C3D4-1111-2222-3333-444455556666}.Release|Any CPU.Build.0 = Release|Any CPU
		{A1B2C3D4-1111-2222-3333-444455556666}.Release|x64.ActiveCfg = Release|Any CPU
		{A1B2C3D4-1111-2222-3333-444455556666}.Release|x64.Build.0 = Release|Any CPU
		{A1B2C3D4-1111-2222-3333-444455556666}.Release|x86.ActiveCfg = Release|Any CPU
		{A1B2C3D4-1111-2222-3333-444455556666}.Release|x86.Build.0 = Release|Any CPU
		{A1B2C3D4-1111-2222-3333-444455557777}.Debug|Any CPU.ActiveCfg = Debug|Any CPU
		{A1B2C3D4-1111-2222-3333-444455557777}.Debug|Any CPU.Build.0 = Debug|Any CPU
		{A1B2C3D4-1111-2222-3333-444455557777}.Debug|x64.ActiveCfg = Debug|Any CPU
		{A1B2C3D4-1111-2222-3333-444455557777}.Debug|x64.Build.0 = Debug|Any CPU
		{A1B2C3D4-1111-2222-3333-444455557777}.Debug|x86.ActiveCfg = Debug|Any CPU
		{A1B2C3D4-1111-2222-3333-444455557777}.Debug|x86.Build.0 = Debug|Any CPU
		{A1B2C3D4-1111-2222-3333-444455557777}.Release|Any CPU.ActiveCfg = Release|Any CPU
		{A1B2C3D4-1111-2222-3333-444455557777}.Release|Any CPU.Build.0 = Release|Any CPU
		{A1B2C3D4-1111-2222-3333-444455557777}.Release|x64.ActiveCfg = Release|Any CPU
		{A1B2C3D4-1111-2222-3333-444455557777}.Release|x64.Build.0 = Release|Any CPU
		{A1B2C3D4-1111-2222-3333-444455557777}.Release|x86.ActiveCfg = Release|Any CPU
		{A1B2C3D4-1111-2222-3333-444455557777}.Release|x86.Build.0 = Release|Any CPU
		{A1B2C3D4-1111-2222-3333-444455558888}.Debug|Any CPU.ActiveCfg = Debug|Any CPU
		{A1B2C3D4-1111-2222-3333-444455558888}.Debug|Any CPU.Build.0 = Debug|Any CPU
		{A1B2C3D4-1111-2222-3333-444455558888}.Debug|x64.ActiveCfg = Debug|Any CPU
		{A1B2C3D4-1111-2222-3333-444455558888}.Debug|x64.Build.0 = Debug|Any CPU
		{A1B2C3D4-1111-2222-3333-444455558888}.Debug|x86.ActiveCfg = Debug|Any CPU
		{A1B2C3D4-1111-2222-3333-444455558888}.Debug|x86.Build.0 = Debug|Any CPU
		{A1B2C3D4-1111-2222-3333-444455558888}.Release|Any CPU.ActiveCfg = Release|Any CPU
		{A1B2C3D4-1111-2222-3333-444455558888}.Release|Any CPU.Build.0 = Release|Any CPU
		{A1B2C3D4-1111-2222-3333-444455558888}.Release|x64.ActiveCfg = Release|Any CPU
		{A1B2C3D4-1111-2222-3333-444455558888}.Release|x64.Build.0 = Release|Any CPU
		{A1B2C3D4-1111-2222-3333-444455558888}.Release|x86.ActiveCfg = Release|Any CPU
		{A1B2C3D4-1111-2222-3333-444455558888}.Release|x86.Build.0 = Release|Any CPU
		{A1B2C3D4-1111-2222-3333-444455559999}.Debug|Any CPU.ActiveCfg = Debug|Any CPU
		{A1B2C3D4-1111-2222-3333-444455559999}.Debug|Any CPU.Build.0 = Debug|Any CPU
		{A1B2C3D4-1111-2222-3333-444455559999}.Debug|x64.ActiveCfg = Debug|Any CPU
		{A1B2C3D4-1111-2222-3333-444455559999}.Debug|x64.Build.0 = Debug|Any CPU
		{A1B2C3D4-1111-2222-3333-444455559999}.Debug|x86.ActiveCfg = Debug|Any CPU
		{A1B2C3D4-1111-2222-3333-444455559999}.Debug|x86.Build.0 = Debug|Any CPU
		{A1B2C3D4-1111-2222-3333-444455559999}.Release|Any CPU.ActiveCfg = Release|Any CPU
		{A1B2C3D4-1111-2222-3333-444455559999}.Release|Any CPU.Build.0 = Release|Any CPU
		{A1B2C3D4-1111-2222-3333-444455559999}.Release|x64.ActiveCfg = Release|Any CPU
		{A1B2C3D4-1111-2222-3333-444455559999}.Release|x64.Build.0 = Release|Any CPU
		{A1B2C3D4-1111-2222-3333-444455559999}.Release|x86.ActiveCfg = Release|Any CPU
		{A1B2C3D4-1111-2222-3333-444455559999}.Release|x86.Build.0 = Release|Any CPU
		{A1B2C3D4-1111-2222-3333-44445555AAAA}.Debug|Any CPU.ActiveCfg = Debug|Any CPU
		{A1B2C3D4-1111-2222-3333-44445555AAAA}.Debug|Any CPU.Build.0 = Debug|Any CPU
		{A1B2C3D4-1111-2222-3333-44445555AAAA}.Debug|x64.ActiveCfg = Debug|Any CPU
		{A1B2C3D4-1111-2222-3333-44445555AAAA}.Debug|x64.Build.0 = Debug|Any CPU
		{A1B2C3D4-1111-2222-3333-44445555AAAA}.Debug|x86.ActiveCfg = Debug|Any CPU
		{A1B2C3D4-1111-2222-3333-44445555AAAA}.Debug|x86.Build.0 = Debug|Any CPU
		{A1B2C3D4-1111-2222-3333-44445555AAAA}.Release|Any CPU.ActiveCfg = Release|Any CPU
		{A1B2C3D4-1111-2222-3333-44445555AAAA}.Release|Any CPU.Build.0 = Release|Any CPU
		{A1B2C3D4-1111-2222-3333-44445555AAAA}.Release|x64.ActiveCfg = Release|Any CPU
		{A1B2C3D4-1111-2222-3333-44445555AAAA}.Release|x64.Build.0 = Release|Any CPU
		{A1B2C3D4-1111-2222-3333-44445555AAAA}.Release|x86.ActiveCfg = Release|Any CPU
		{A1B2C3D4-1111-2222-3333-44445555AAAA}.Release|x86.Build.0 = Release|Any CPU
		{A1B2C3D4-1111-2222-3333-44445555BBBB}.Debug|Any CPU.ActiveCfg = Debug|Any CPU
		{A1B2C3D4-1111-2222-3333-44445555BBBB}.Debug|Any CPU.Build.0 = Debug|Any CPU
		{A1B2C3D4-1111-2222-3333-44445555BBBB}.Debug|x64.ActiveCfg = Debug|Any CPU
		{A1B2C3D4-1111-2222-3333-44445555BBBB}.Debug|x64.Build.0 = Debug|Any CPU
		{A1B2C3D4-1111-2222-3333-44445555BBBB}.Debug|x86.ActiveCfg = Debug|Any CPU
		{A1B2C3D4-1111-2222-3333-44445555BBBB}.Debug|x86.Build.0 = Debug|Any CPU
		{A1B2C3D4-1111-2222-3333-44445555BBBB}.Release|Any CPU.ActiveCfg = Release|Any CPU
		{A1B2C3D4-1111-2222-3333-44445555BBBB}.Release|Any CPU.Build.0 = Release|Any CPU
		{A1B2C3D4-1111-2222-3333-44445555BBBB}.Release|x64.ActiveCfg = Release|Any CPU
		{A1B2C3D4-1111-2222-3333-44445555BBBB}.Release|x64.Build.0 = Release|Any CPU
		{A1B2C3D4-1111-2222-3333-44445555BBBB}.Release|x86.ActiveCfg = Release|Any CPU
		{A1B2C3D4-1111-2222-3333-44445555BBBB}.Release|x86.Build.0 = Release|Any CPU
		{CDA60468-2770-405C-8F64-FDFE3EAF8128}.Debug|Any CPU.ActiveCfg = Debug|Any CPU
		{CDA60468-2770-405C-8F64-FDFE3EAF8128}.Debug|Any CPU.Build.0 = Debug|Any CPU
		{CDA60468-2770-405C-8F64-FDFE3EAF8128}.Debug|x64.ActiveCfg = Debug|Any CPU
		{CDA60468-2770-405C-8F64-FDFE3EAF8128}.Debug|x64.Build.0 = Debug|Any CPU
		{CDA60468-2770-405C-8F64-FDFE3EAF8128}.Debug|x86.ActiveCfg = Debug|Any CPU
		{CDA60468-2770-405C-8F64-FDFE3EAF8128}.Debug|x86.Build.0 = Debug|Any CPU
		{CDA60468-2770-405C-8F64-FDFE3EAF8128}.Release|Any CPU.ActiveCfg = Release|Any CPU
		{CDA60468-2770-405C-8F64-FDFE3EAF8128}.Release|Any CPU.Build.0 = Release|Any CPU
		{CDA60468-2770-405C-8F64-FDFE3EAF8128}.Release|x64.ActiveCfg = Release|Any CPU
		{CDA60468-2770-405C-8F64-FDFE3EAF8128}.Release|x64.Build.0 = Release|Any CPU
		{CDA60468-2770-405C-8F64-FDFE3EAF8128}.Release|x86.ActiveCfg = Release|Any CPU
		{CDA60468-2770-405C-8F64-FDFE3EAF8128}.Release|x86.Build.0 = Release|Any CPU
	EndGlobalSection
	GlobalSection(SolutionProperties) = preSolution
		HideSolutionNode = FALSE
	EndGlobalSection
	GlobalSection(NestedProjects) = preSolution
		{CDA60468-2770-405C-8F64-FDFE3EAF8128} = {0AB3BF05-4346-4AA6-1389-037BE0695223}
	EndGlobalSection
EndGlobal
